
Microsoft Visual Studio Solution File, Format Version 12.00
# Visual Studio 15
VisualStudioVersion = 15.0.27428.2002
MinimumVisualStudioVersion = 10.0.40219.1
Project("{FAE04EC0-301F-11D3-BF4B-00C04F79EFBC}") = "DataContractVersioningDemo", "DataContractVersioningDemo\DataContractVersioningDemo.csproj", "{A36837EE-B3EE-445F-9B7A-F95B38380699}"
EndProject
Global
	GlobalSection(SolutionConfigurationPlatforms) = preSolution
		Debug|Any CPU = Debug|Any CPU
		Release|Any CPU = Release|Any CPU
	EndGlobalSection
	GlobalSection(ProjectConfigurationPlatforms) = postSolution
		{A36837EE-B3EE-445F-9B7A-F95B38380699}.Debug|Any CPU.ActiveCfg = Debug|Any CPU
		{A36837EE-B3EE-445F-9B7A-F95B38380699}.Debug|Any CPU.Build.0 = Debug|Any CPU
		{A36837EE-B3EE-445F-9B7A-F95B38380699}.Release|Any CPU.ActiveCfg = Release|Any CPU
		{A36837EE-B3EE-445F-9B7A-F95B38380699}.Release|Any CPU.Build.0 = Release|Any CPU
	EndGlobalSection
	GlobalSection(SolutionProperties) = preSolution
		HideSolutionNode = FALSE
	EndGlobalSection
	GlobalSection(ExtensibilityGlobals) = postSolution
		SolutionGuid = {C8C4C8A8-5EEA-42CD-B9CD-2F24651CA0A5}
	EndGlobalSection
EndGlobal
