
Microsoft Visual Studio Solution File, Format Version 12.00
# Visual Studio 15
VisualStudioVersion = 15.0.27428.2002
MinimumVisualStudioVersion = 10.0.40219.1
Project("{FAE04EC0-301F-11D3-BF4B-00C04F79EFBC}") = "WcfServiceLibrary1", "WcfServiceLibrary1\WcfServiceLibrary1.csproj", "{37BDA29E-FE4F-46ED-8A10-EEAF460CA7E4}"
EndProject
Project("{FAE04EC0-301F-11D3-BF4B-00C04F79EFBC}") = "Server", "Server\Server.csproj", "{75677181-1E8A-44FD-8902-D766C6491251}"
EndProject
Project("{FAE04EC0-301F-11D3-BF4B-00C04F79EFBC}") = "Client", "Client\Client.csproj", "{A712C981-F705-40BB-BA1F-F22F0C1A6821}"
EndProject
Global
	GlobalSection(SolutionConfigurationPlatforms) = preSolution
		Debug|Any CPU = Debug|Any CPU
		Release|Any CPU = Release|Any CPU
	EndGlobalSection
	GlobalSection(ProjectConfigurationPlatforms) = postSolution
		{37BDA29E-FE4F-46ED-8A10-EEAF460CA7E4}.Debug|Any CPU.ActiveCfg = Debug|Any CPU
		{37BDA29E-FE4F-46ED-8A10-EEAF460CA7E4}.Debug|Any CPU.Build.0 = Debug|Any CPU
		{37BDA29E-FE4F-46ED-8A10-EEAF460CA7E4}.Release|Any CPU.ActiveCfg = Release|Any CPU
		{37BDA29E-FE4F-46ED-8A10-EEAF460CA7E4}.Release|Any CPU.Build.0 = Release|Any CPU
		{75677181-1E8A-44FD-8902-D766C6491251}.Debug|Any CPU.ActiveCfg = Debug|Any CPU
		{75677181-1E8A-44FD-8902-D766C6491251}.Debug|Any CPU.Build.0 = Debug|Any CPU
		{75677181-1E8A-44FD-8902-D766C6491251}.Release|Any CPU.ActiveCfg = Release|Any CPU
		{75677181-1E8A-44FD-8902-D766C6491251}.Release|Any CPU.Build.0 = Release|Any CPU
		{A712C981-F705-40BB-BA1F-F22F0C1A6821}.Debug|Any CPU.ActiveCfg = Debug|Any CPU
		{A712C981-F705-40BB-BA1F-F22F0C1A6821}.Debug|Any CPU.Build.0 = Debug|Any CPU
		{A712C981-F705-40BB-BA1F-F22F0C1A6821}.Release|Any CPU.ActiveCfg = Release|Any CPU
		{A712C981-F705-40BB-BA1F-F22F0C1A6821}.Release|Any CPU.Build.0 = Release|Any CPU
	EndGlobalSection
	GlobalSection(SolutionProperties) = preSolution
		HideSolutionNode = FALSE
	EndGlobalSection
	GlobalSection(ExtensibilityGlobals) = postSolution
		SolutionGuid = {2889A321-0D3E-41DF-8313-2DCA8FBEC875}
	EndGlobalSection
EndGlobal
