
Microsoft Visual Studio Solution File, Format Version 12.00
# Visual Studio 15
VisualStudioVersion = 15.0.27428.2002
MinimumVisualStudioVersion = 10.0.40219.1
Project("{FAE04EC0-301F-11D3-BF4B-00C04F79EFBC}") = "WCFLibrary", "WCFLibrary\WCFLibrary.csproj", "{73B763AB-4F97-47A7-AA39-620A3204301C}"
EndProject
Project("{FAE04EC0-301F-11D3-BF4B-00C04F79EFBC}") = "Server", "Server\Server.csproj", "{83FE4C9E-D144-4806-8029-CF51F52A6219}"
EndProject
Project("{FAE04EC0-301F-11D3-BF4B-00C04F79EFBC}") = "Client", "Client\Client.csproj", "{B0BABA6D-EC8C-477E-8E8E-C2C7A65EDA0D}"
EndProject
Global
	GlobalSection(SolutionConfigurationPlatforms) = preSolution
		Debug|Any CPU = Debug|Any CPU
		Release|Any CPU = Release|Any CPU
	EndGlobalSection
	GlobalSection(ProjectConfigurationPlatforms) = postSolution
		{73B763AB-4F97-47A7-AA39-620A3204301C}.Debug|Any CPU.ActiveCfg = Debug|Any CPU
		{73B763AB-4F97-47A7-AA39-620A3204301C}.Debug|Any CPU.Build.0 = Debug|Any CPU
		{73B763AB-4F97-47A7-AA39-620A3204301C}.Release|Any CPU.ActiveCfg = Release|Any CPU
		{73B763AB-4F97-47A7-AA39-620A3204301C}.Release|Any CPU.Build.0 = Release|Any CPU
		{83FE4C9E-D144-4806-8029-CF51F52A6219}.Debug|Any CPU.ActiveCfg = Debug|Any CPU
		{83FE4C9E-D144-4806-8029-CF51F52A6219}.Debug|Any CPU.Build.0 = Debug|Any CPU
		{83FE4C9E-D144-4806-8029-CF51F52A6219}.Release|Any CPU.ActiveCfg = Release|Any CPU
		{83FE4C9E-D144-4806-8029-CF51F52A6219}.Release|Any CPU.Build.0 = Release|Any CPU
		{B0BABA6D-EC8C-477E-8E8E-C2C7A65EDA0D}.Debug|Any CPU.ActiveCfg = Debug|Any CPU
		{B0BABA6D-EC8C-477E-8E8E-C2C7A65EDA0D}.Debug|Any CPU.Build.0 = Debug|Any CPU
		{B0BABA6D-EC8C-477E-8E8E-C2C7A65EDA0D}.Release|Any CPU.ActiveCfg = Release|Any CPU
		{B0BABA6D-EC8C-477E-8E8E-C2C7A65EDA0D}.Release|Any CPU.Build.0 = Release|Any CPU
	EndGlobalSection
	GlobalSection(SolutionProperties) = preSolution
		HideSolutionNode = FALSE
	EndGlobalSection
	GlobalSection(ExtensibilityGlobals) = postSolution
		SolutionGuid = {7B30BA69-4BEE-487F-99C5-8DFE3C7B0A1E}
	EndGlobalSection
EndGlobal
