
Microsoft Visual Studio Solution File, Format Version 12.00
# Visual Studio 15
VisualStudioVersion = 15.0.27428.2002
MinimumVisualStudioVersion = 10.0.40219.1
Project("{FAE04EC0-301F-11D3-BF4B-00C04F79EFBC}") = "FirstDemoApp", "FirstDemoApp\FirstDemoApp.csproj", "{AC04DDD8-A54C-4A7E-9D56-7ACCD41DEC36}"
EndProject
Project("{FAE04EC0-301F-11D3-BF4B-00C04F79EFBC}") = "FirstDemoAppClient", "..\FirstDemoAppClient\FirstDemoAppClient.csproj", "{3926E3BD-7D25-45F7-B1F8-2EFD2B1CEBB7}"
	ProjectSection(ProjectDependencies) = postProject
		{AC04DDD8-A54C-4A7E-9D56-7ACCD41DEC36} = {AC04DDD8-A54C-4A7E-9D56-7ACCD41DEC36}
	EndProjectSection
EndProject
Global
	GlobalSection(SolutionConfigurationPlatforms) = preSolution
		Debug|Any CPU = Debug|Any CPU
		Release|Any CPU = Release|Any CPU
	EndGlobalSection
	GlobalSection(ProjectConfigurationPlatforms) = postSolution
		{AC04DDD8-A54C-4A7E-9D56-7ACCD41DEC36}.Debug|Any CPU.ActiveCfg = Debug|Any CPU
		{AC04DDD8-A54C-4A7E-9D56-7ACCD41DEC36}.Debug|Any CPU.Build.0 = Debug|Any CPU
		{AC04DDD8-A54C-4A7E-9D56-7ACCD41DEC36}.Release|Any CPU.ActiveCfg = Release|Any CPU
		{AC04DDD8-A54C-4A7E-9D56-7ACCD41DEC36}.Release|Any CPU.Build.0 = Release|Any CPU
		{3926E3BD-7D25-45F7-B1F8-2EFD2B1CEBB7}.Debug|Any CPU.ActiveCfg = Debug|Any CPU
		{3926E3BD-7D25-45F7-B1F8-2EFD2B1CEBB7}.Debug|Any CPU.Build.0 = Debug|Any CPU
		{3926E3BD-7D25-45F7-B1F8-2EFD2B1CEBB7}.Release|Any CPU.ActiveCfg = Release|Any CPU
		{3926E3BD-7D25-45F7-B1F8-2EFD2B1CEBB7}.Release|Any CPU.Build.0 = Release|Any CPU
	EndGlobalSection
	GlobalSection(SolutionProperties) = preSolution
		HideSolutionNode = FALSE
	EndGlobalSection
	GlobalSection(ExtensibilityGlobals) = postSolution
		SolutionGuid = {E8564B97-E5EE-4356-9DBD-DB59C77428EE}
	EndGlobalSection
EndGlobal
