
Microsoft Visual Studio Solution File, Format Version 12.00
# Visual Studio 15
VisualStudioVersion = 15.0.27428.2002
MinimumVisualStudioVersion = 10.0.40219.1
Project("{FAE04EC0-301F-11D3-BF4B-00C04F79EFBC}") = "WCFLibrary", "WCFLibrary\WCFLibrary.csproj", "{A40B3B64-408A-4BB8-819C-A348A262CCFE}"
EndProject
Project("{FAE04EC0-301F-11D3-BF4B-00C04F79EFBC}") = "WCFServer", "WCFServer\WCFServer.csproj", "{5822478E-7E01-4A26-967D-A910FBF0C30E}"
EndProject
Project("{FAE04EC0-301F-11D3-BF4B-00C04F79EFBC}") = "WCFClient", "WCFClient\WCFClient.csproj", "{B251468C-5E56-4D64-904E-F9C23B760F32}"
EndProject
Global
	GlobalSection(SolutionConfigurationPlatforms) = preSolution
		Debug|Any CPU = Debug|Any CPU
		Release|Any CPU = Release|Any CPU
	EndGlobalSection
	GlobalSection(ProjectConfigurationPlatforms) = postSolution
		{A40B3B64-408A-4BB8-819C-A348A262CCFE}.Debug|Any CPU.ActiveCfg = Debug|Any CPU
		{A40B3B64-408A-4BB8-819C-A348A262CCFE}.Debug|Any CPU.Build.0 = Debug|Any CPU
		{A40B3B64-408A-4BB8-819C-A348A262CCFE}.Release|Any CPU.ActiveCfg = Release|Any CPU
		{A40B3B64-408A-4BB8-819C-A348A262CCFE}.Release|Any CPU.Build.0 = Release|Any CPU
		{5822478E-7E01-4A26-967D-A910FBF0C30E}.Debug|Any CPU.ActiveCfg = Debug|Any CPU
		{5822478E-7E01-4A26-967D-A910FBF0C30E}.Debug|Any CPU.Build.0 = Debug|Any CPU
		{5822478E-7E01-4A26-967D-A910FBF0C30E}.Release|Any CPU.ActiveCfg = Release|Any CPU
		{5822478E-7E01-4A26-967D-A910FBF0C30E}.Release|Any CPU.Build.0 = Release|Any CPU
		{B251468C-5E56-4D64-904E-F9C23B760F32}.Debug|Any CPU.ActiveCfg = Debug|Any CPU
		{B251468C-5E56-4D64-904E-F9C23B760F32}.Debug|Any CPU.Build.0 = Debug|Any CPU
		{B251468C-5E56-4D64-904E-F9C23B760F32}.Release|Any CPU.ActiveCfg = Release|Any CPU
		{B251468C-5E56-4D64-904E-F9C23B760F32}.Release|Any CPU.Build.0 = Release|Any CPU
	EndGlobalSection
	GlobalSection(SolutionProperties) = preSolution
		HideSolutionNode = FALSE
	EndGlobalSection
	GlobalSection(ExtensibilityGlobals) = postSolution
		SolutionGuid = {AA08554C-168C-457E-8859-98718B795978}
	EndGlobalSection
EndGlobal
